
Microsoft Visual Studio Solution File, Format Version 12.00
# Visual Studio Version 16
VisualStudioVersion = 16.0.29613.14
MinimumVisualStudioVersion = 10.0.40219.1
Project("{FAE04EC0-301F-11D3-BF4B-00C04F79EFBC}") = "RecipeBook", "RecipeBook\RecipeBook.csproj", "{29A81B2B-95CB-4295-93C3-C446748B1EC1}"
EndProject
Global
	GlobalSection(SolutionConfigurationPlatforms) = preSolution
		Debug|Any CPU = Debug|Any CPU
		Release|Any CPU = Release|Any CPU
	EndGlobalSection
	GlobalSection(ProjectConfigurationPlatforms) = postSolution
		{29A81B2B-95CB-4295-93C3-C446748B1EC1}.Debug|Any CPU.ActiveCfg = Debug|Any CPU
		{29A81B2B-95CB-4295-93C3-C446748B1EC1}.Debug|Any CPU.Build.0 = Debug|Any CPU
		{29A81B2B-95CB-4295-93C3-C446748B1EC1}.Release|Any CPU.ActiveCfg = Release|Any CPU
		{29A81B2B-95CB-4295-93C3-C446748B1EC1}.Release|Any CPU.Build.0 = Release|Any CPU
	EndGlobalSection
	GlobalSection(SolutionProperties) = preSolution
		HideSolutionNode = FALSE
	EndGlobalSection
	GlobalSection(ExtensibilityGlobals) = postSolution
		SolutionGuid = {EA53B368-4D76-4964-A167-E465F69F2500}
	EndGlobalSection
EndGlobal
